// !$*UTF8*$!
{
	archiveVersion = 1;
	classes = {
	};
	objectVersion = 50;
	objects = {

/* Begin PBXBuildFile section */
		C99E2E0C23844F3100553430 /* Backend.framework in Frameworks */ = {isa = PBXBuildFile; fileRef = C99E2E0223844F3100553430 /* Backend.framework */; };
		C99E2E1323844F3100553430 /* Backend.h in Headers */ = {isa = PBXBuildFile; fileRef = C99E2E0523844F3100553430 /* Backend.h */; settings = {ATTRIBUTES = (Public, ); }; };
		C99E2E2823844F7200553430 /* Backend.swift in Sources */ = {isa = PBXBuildFile; fileRef = C99E2E2723844F7200553430 /* Backend.swift */; };
		C99E2E5C23845D1F00553430 /* BondImpl.swift in Sources */ = {isa = PBXBuildFile; fileRef = C99E2E5B23845D1F00553430 /* BondImpl.swift */; };
		C99E2E5E23845D2B00553430 /* BondDataImpl.swift in Sources */ = {isa = PBXBuildFile; fileRef = C99E2E5D23845D2B00553430 /* BondDataImpl.swift */; };
		C99E2E6123845D3900553430 /* Interfaces.framework in Frameworks */ = {isa = PBXBuildFile; fileRef = C99E2E6023845D3900553430 /* Interfaces.framework */; };
		C99E2E862384B28F00553430 /* DataGenerator.swift in Sources */ = {isa = PBXBuildFile; fileRef = C99E2E852384B28F00553430 /* DataGenerator.swift */; };
		C9B530B3238521D400DB4BF1 /* DataGeneratorTests.swift in Sources */ = {isa = PBXBuildFile; fileRef = C9B530B2238521D400DB4BF1 /* DataGeneratorTests.swift */; };
		C9B530B52385232100DB4BF1 /* IntTimePeriodTests.swift in Sources */ = {isa = PBXBuildFile; fileRef = C9B530B42385232100DB4BF1 /* IntTimePeriodTests.swift */; };
/* End PBXBuildFile section */

/* Begin PBXContainerItemProxy section */
		C99E2E0D23844F3100553430 /* PBXContainerItemProxy */ = {
			isa = PBXContainerItemProxy;
			containerPortal = C99E2DF923844F3100553430 /* Project object */;
			proxyType = 1;
			remoteGlobalIDString = C99E2E0123844F3100553430;
			remoteInfo = Backend;
		};
/* End PBXContainerItemProxy section */

/* Begin PBXFileReference section */
		C99E2E0223844F3100553430 /* Backend.framework */ = {isa = PBXFileReference; explicitFileType = wrapper.framework; includeInIndex = 0; path = Backend.framework; sourceTree = BUILT_PRODUCTS_DIR; };
		C99E2E0523844F3100553430 /* Backend.h */ = {isa = PBXFileReference; lastKnownFileType = sourcecode.c.h; path = Backend.h; sourceTree = "<group>"; };
		C99E2E0623844F3100553430 /* Info.plist */ = {isa = PBXFileReference; lastKnownFileType = text.plist.xml; path = Info.plist; sourceTree = "<group>"; };
		C99E2E0B23844F3100553430 /* BackendTests.xctest */ = {isa = PBXFileReference; explicitFileType = wrapper.cfbundle; includeInIndex = 0; path = BackendTests.xctest; sourceTree = BUILT_PRODUCTS_DIR; };
		C99E2E1223844F3100553430 /* Info.plist */ = {isa = PBXFileReference; lastKnownFileType = text.plist.xml; path = Info.plist; sourceTree = "<group>"; };
		C99E2E2723844F7200553430 /* Backend.swift */ = {isa = PBXFileReference; lastKnownFileType = sourcecode.swift; path = Backend.swift; sourceTree = "<group>"; };
		C99E2E5B23845D1F00553430 /* BondImpl.swift */ = {isa = PBXFileReference; lastKnownFileType = sourcecode.swift; path = BondImpl.swift; sourceTree = "<group>"; };
		C99E2E5D23845D2B00553430 /* BondDataImpl.swift */ = {isa = PBXFileReference; lastKnownFileType = sourcecode.swift; path = BondDataImpl.swift; sourceTree = "<group>"; };
		C99E2E6023845D3900553430 /* Interfaces.framework */ = {isa = PBXFileReference; explicitFileType = wrapper.framework; path = Interfaces.framework; sourceTree = BUILT_PRODUCTS_DIR; };
		C99E2E852384B28F00553430 /* DataGenerator.swift */ = {isa = PBXFileReference; lastKnownFileType = sourcecode.swift; path = DataGenerator.swift; sourceTree = "<group>"; };
		C9B530B2238521D400DB4BF1 /* DataGeneratorTests.swift */ = {isa = PBXFileReference; lastKnownFileType = sourcecode.swift; path = DataGeneratorTests.swift; sourceTree = "<group>"; };
		C9B530B42385232100DB4BF1 /* IntTimePeriodTests.swift */ = {isa = PBXFileReference; lastKnownFileType = sourcecode.swift; path = IntTimePeriodTests.swift; sourceTree = "<group>"; };
/* End PBXFileReference section */

/* Begin PBXFrameworksBuildPhase section */
		C99E2DFF23844F3100553430 /* Frameworks */ = {
			isa = PBXFrameworksBuildPhase;
			buildActionMask = 2147483647;
			files = (
				C99E2E6123845D3900553430 /* Interfaces.framework in Frameworks */,
			);
			runOnlyForDeploymentPostprocessing = 0;
		};
		C99E2E0823844F3100553430 /* Frameworks */ = {
			isa = PBXFrameworksBuildPhase;
			buildActionMask = 2147483647;
			files = (
				C99E2E0C23844F3100553430 /* Backend.framework in Frameworks */,
			);
			runOnlyForDeploymentPostprocessing = 0;
		};
/* End PBXFrameworksBuildPhase section */

/* Begin PBXGroup section */
		C99E2DF823844F3100553430 = {
			isa = PBXGroup;
			children = (
				C99E2E0423844F3100553430 /* Backend */,
				C99E2E0F23844F3100553430 /* BackendTests */,
				C99E2E0323844F3100553430 /* Products */,
				C99E2E5F23845D3900553430 /* Frameworks */,
			);
			sourceTree = "<group>";
		};
		C99E2E0323844F3100553430 /* Products */ = {
			isa = PBXGroup;
			children = (
				C99E2E0223844F3100553430 /* Backend.framework */,
				C99E2E0B23844F3100553430 /* BackendTests.xctest */,
			);
			name = Products;
			sourceTree = "<group>";
		};
		C99E2E0423844F3100553430 /* Backend */ = {
			isa = PBXGroup;
			children = (
				C99E2E5A23845D1500553430 /* Model */,
				C99E2E0523844F3100553430 /* Backend.h */,
				C99E2E2723844F7200553430 /* Backend.swift */,
				C99E2E0623844F3100553430 /* Info.plist */,
			);
			path = Backend;
			sourceTree = "<group>";
		};
		C99E2E0F23844F3100553430 /* BackendTests */ = {
			isa = PBXGroup;
			children = (
				C9B530B2238521D400DB4BF1 /* DataGeneratorTests.swift */,
				C9B530B42385232100DB4BF1 /* IntTimePeriodTests.swift */,
				C99E2E1223844F3100553430 /* Info.plist */,
			);
			path = BackendTests;
			sourceTree = "<group>";
		};
		C99E2E5A23845D1500553430 /* Model */ = {
			isa = PBXGroup;
			children = (
				C99E2E5B23845D1F00553430 /* BondImpl.swift */,
				C99E2E5D23845D2B00553430 /* BondDataImpl.swift */,
				C99E2E852384B28F00553430 /* DataGenerator.swift */,
			);
			path = Model;
			sourceTree = "<group>";
		};
		C99E2E5F23845D3900553430 /* Frameworks */ = {
			isa = PBXGroup;
			children = (
				C99E2E6023845D3900553430 /* Interfaces.framework */,
			);
			name = Frameworks;
			sourceTree = "<group>";
		};
/* End PBXGroup section */

/* Begin PBXHeadersBuildPhase section */
		C99E2DFD23844F3100553430 /* Headers */ = {
			isa = PBXHeadersBuildPhase;
			buildActionMask = 2147483647;
			files = (
				C99E2E1323844F3100553430 /* Backend.h in Headers */,
			);
			runOnlyForDeploymentPostprocessing = 0;
		};
/* End PBXHeadersBuildPhase section */

/* Begin PBXNativeTarget section */
		C99E2E0123844F3100553430 /* Backend */ = {
			isa = PBXNativeTarget;
			buildConfigurationList = C99E2E1623844F3100553430 /* Build configuration list for PBXNativeTarget "Backend" */;
			buildPhases = (
				C99E2DFD23844F3100553430 /* Headers */,
				C99E2DFE23844F3100553430 /* Sources */,
				C99E2DFF23844F3100553430 /* Frameworks */,
				C99E2E0023844F3100553430 /* Resources */,
			);
			buildRules = (
			);
			dependencies = (
			);
			name = Backend;
			productName = Backend;
			productReference = C99E2E0223844F3100553430 /* Backend.framework */;
			productType = "com.apple.product-type.framework";
		};
		C99E2E0A23844F3100553430 /* BackendTests */ = {
			isa = PBXNativeTarget;
			buildConfigurationList = C99E2E1923844F3100553430 /* Build configuration list for PBXNativeTarget "BackendTests" */;
			buildPhases = (
				C99E2E0723844F3100553430 /* Sources */,
				C99E2E0823844F3100553430 /* Frameworks */,
				C99E2E0923844F3100553430 /* Resources */,
			);
			buildRules = (
			);
			dependencies = (
				C99E2E0E23844F3100553430 /* PBXTargetDependency */,
			);
			name = BackendTests;
			productName = BackendTests;
			productReference = C99E2E0B23844F3100553430 /* BackendTests.xctest */;
			productType = "com.apple.product-type.bundle.unit-test";
		};
/* End PBXNativeTarget section */

/* Begin PBXProject section */
		C99E2DF923844F3100553430 /* Project object */ = {
			isa = PBXProject;
			attributes = {
				LastSwiftUpdateCheck = 1120;
				LastUpgradeCheck = 1120;
				ORGANIZATIONNAME = "Ruslan Alikhamov";
				TargetAttributes = {
					C99E2E0123844F3100553430 = {
						CreatedOnToolsVersion = 11.2.1;
						LastSwiftMigration = 1120;
					};
					C99E2E0A23844F3100553430 = {
						CreatedOnToolsVersion = 11.2.1;
					};
				};
			};
			buildConfigurationList = C99E2DFC23844F3100553430 /* Build configuration list for PBXProject "Backend" */;
			compatibilityVersion = "Xcode 9.3";
			developmentRegion = en;
			hasScannedForEncodings = 0;
			knownRegions = (
				en,
				Base,
			);
			mainGroup = C99E2DF823844F3100553430;
			productRefGroup = C99E2E0323844F3100553430 /* Products */;
			projectDirPath = "";
			projectRoot = "";
			targets = (
				C99E2E0123844F3100553430 /* Backend */,
				C99E2E0A23844F3100553430 /* BackendTests */,
			);
		};
/* End PBXProject section */

/* Begin PBXResourcesBuildPhase section */
		C99E2E0023844F3100553430 /* Resources */ = {
			isa = PBXResourcesBuildPhase;
			buildActionMask = 2147483647;
			files = (
			);
			runOnlyForDeploymentPostprocessing = 0;
		};
		C99E2E0923844F3100553430 /* Resources */ = {
			isa = PBXResourcesBuildPhase;
			buildActionMask = 2147483647;
			files = (
			);
			runOnlyForDeploymentPostprocessing = 0;
		};
/* End PBXResourcesBuildPhase section */

/* Begin PBXSourcesBuildPhase section */
		C99E2DFE23844F3100553430 /* Sources */ = {
			isa = PBXSourcesBuildPhase;
			buildActionMask = 2147483647;
			files = (
				C99E2E5E23845D2B00553430 /* BondDataImpl.swift in Sources */,
				C99E2E5C23845D1F00553430 /* BondImpl.swift in Sources */,
				C99E2E2823844F7200553430 /* Backend.swift in Sources */,
				C99E2E862384B28F00553430 /* DataGenerator.swift in Sources */,
			);
			runOnlyForDeploymentPostprocessing = 0;
		};
		C99E2E0723844F3100553430 /* Sources */ = {
			isa = PBXSourcesBuildPhase;
			buildActionMask = 2147483647;
			files = (
				C9B530B52385232100DB4BF1 /* IntTimePeriodTests.swift in Sources */,
				C9B530B3238521D400DB4BF1 /* DataGeneratorTests.swift in Sources */,
			);
			runOnlyForDeploymentPostprocessing = 0;
		};
/* End PBXSourcesBuildPhase section */

/* Begin PBXTargetDependency section */
		C99E2E0E23844F3100553430 /* PBXTargetDependency */ = {
			isa = PBXTargetDependency;
			target = C99E2E0123844F3100553430 /* Backend */;
			targetProxy = C99E2E0D23844F3100553430 /* PBXContainerItemProxy */;
		};
/* End PBXTargetDependency section */

/* Begin XCBuildConfiguration section */
		C99E2E1423844F3100553430 /* Debug */ = {
			isa = XCBuildConfiguration;
			buildSettings = {
				ALWAYS_SEARCH_USER_PATHS = NO;
				CLANG_ANALYZER_NONNULL = YES;
				CLANG_ANALYZER_NUMBER_OBJECT_CONVERSION = YES_AGGRESSIVE;
				CLANG_CXX_LANGUAGE_STANDARD = "gnu++14";
				CLANG_CXX_LIBRARY = "libc++";
				CLANG_ENABLE_MODULES = YES;
				CLANG_ENABLE_OBJC_ARC = YES;
				CLANG_ENABLE_OBJC_WEAK = YES;
				CLANG_WARN_BLOCK_CAPTURE_AUTORELEASING = YES;
				CLANG_WARN_BOOL_CONVERSION = YES;
				CLANG_WARN_COMMA = YES;
				CLANG_WARN_CONSTANT_CONVERSION = YES;
				CLANG_WARN_DEPRECATED_OBJC_IMPLEMENTATIONS = YES;
				CLANG_WARN_DIRECT_OBJC_ISA_USAGE = YES_ERROR;
				CLANG_WARN_DOCUMENTATION_COMMENTS = YES;
				CLANG_WARN_EMPTY_BODY = YES;
				CLANG_WARN_ENUM_CONVERSION = YES;
				CLANG_WARN_INFINITE_RECURSION = YES;
				CLANG_WARN_INT_CONVERSION = YES;
				CLANG_WARN_NON_LITERAL_NULL_CONVERSION = YES;
				CLANG_WARN_OBJC_IMPLICIT_RETAIN_SELF = YES;
				CLANG_WARN_OBJC_LITERAL_CONVERSION = YES;
				CLANG_WARN_OBJC_ROOT_CLASS = YES_ERROR;
				CLANG_WARN_RANGE_LOOP_ANALYSIS = YES;
				CLANG_WARN_STRICT_PROTOTYPES = YES;
				CLANG_WARN_SUSPICIOUS_MOVE = YES;
				CLANG_WARN_UNGUARDED_AVAILABILITY = YES_AGGRESSIVE;
				CLANG_WARN_UNREACHABLE_CODE = YES;
				CLANG_WARN__DUPLICATE_METHOD_MATCH = YES;
				COPY_PHASE_STRIP = NO;
				CURRENT_PROJECT_VERSION = 1;
				DEBUG_INFORMATION_FORMAT = dwarf;
				ENABLE_STRICT_OBJC_MSGSEND = YES;
				ENABLE_TESTABILITY = YES;
				GCC_C_LANGUAGE_STANDARD = gnu11;
				GCC_DYNAMIC_NO_PIC = NO;
				GCC_NO_COMMON_BLOCKS = YES;
				GCC_OPTIMIZATION_LEVEL = 0;
				GCC_PREPROCESSOR_DEFINITIONS = (
					"DEBUG=1",
					"$(inherited)",
				);
				GCC_WARN_64_TO_32_BIT_CONVERSION = YES;
				GCC_WARN_ABOUT_RETURN_TYPE = YES_ERROR;
				GCC_WARN_UNDECLARED_SELECTOR = YES;
				GCC_WARN_UNINITIALIZED_AUTOS = YES_AGGRESSIVE;
				GCC_WARN_UNUSED_FUNCTION = YES;
				GCC_WARN_UNUSED_VARIABLE = YES;
				IPHONEOS_DEPLOYMENT_TARGET = 13.2;
				MTL_ENABLE_DEBUG_INFO = INCLUDE_SOURCE;
				MTL_FAST_MATH = YES;
				ONLY_ACTIVE_ARCH = YES;
				SDKROOT = iphoneos;
				SWIFT_ACTIVE_COMPILATION_CONDITIONS = DEBUG;
				SWIFT_OPTIMIZATION_LEVEL = "-Onone";
				VERSIONING_SYSTEM = "apple-generic";
				VERSION_INFO_PREFIX = "";
			};
			name = Debug;
		};
		C99E2E1523844F3100553430 /* Release */ = {
			isa = XCBuildConfiguration;
			buildSettings = {
				ALWAYS_SEARCH_USER_PATHS = NO;
				CLANG_ANALYZER_NONNULL = YES;
				CLANG_ANALYZER_NUMBER_OBJECT_CONVERSION = YES_AGGRESSIVE;
				CLANG_CXX_LANGUAGE_STANDARD = "gnu++14";
				CLANG_CXX_LIBRARY = "libc++";
				CLANG_ENABLE_MODULES = YES;
				CLANG_ENABLE_OBJC_ARC = YES;
				CLANG_ENABLE_OBJC_WEAK = YES;
				CLANG_WARN_BLOCK_CAPTURE_AUTORELEASING = YES;
				CLANG_WARN_BOOL_CONVERSION = YES;
				CLANG_WARN_COMMA = YES;
				CLANG_WARN_CONSTANT_CONVERSION = YES;
				CLANG_WARN_DEPRECATED_OBJC_IMPLEMENTATIONS = YES;
				CLANG_WARN_DIRECT_OBJC_ISA_USAGE = YES_ERROR;
				CLANG_WARN_DOCUMENTATION_COMMENTS = YES;
				CLANG_WARN_EMPTY_BODY = YES;
				CLANG_WARN_ENUM_CONVERSION = YES;
				CLANG_WARN_INFINITE_RECURSION = YES;
				CLANG_WARN_INT_CONVERSION = YES;
				CLANG_WARN_NON_LITERAL_NULL_CONVERSION = YES;
				CLANG_WARN_OBJC_IMPLICIT_RETAIN_SELF = YES;
				CLANG_WARN_OBJC_LITERAL_CONVERSION = YES;
				CLANG_WARN_OBJC_ROOT_CLASS = YES_ERROR;
				CLANG_WARN_RANGE_LOOP_ANALYSIS = YES;
				CLANG_WARN_STRICT_PROTOTYPES = YES;
				CLANG_WARN_SUSPICIOUS_MOVE = YES;
				CLANG_WARN_UNGUARDED_AVAILABILITY = YES_AGGRESSIVE;
				CLANG_WARN_UNREACHABLE_CODE = YES;
				CLANG_WARN__DUPLICATE_METHOD_MATCH = YES;
				COPY_PHASE_STRIP = NO;
				CURRENT_PROJECT_VERSION = 1;
				DEBUG_INFORMATION_FORMAT = "dwarf-with-dsym";
				ENABLE_NS_ASSERTIONS = NO;
				ENABLE_STRICT_OBJC_MSGSEND = YES;
				GCC_C_LANGUAGE_STANDARD = gnu11;
				GCC_NO_COMMON_BLOCKS = YES;
				GCC_WARN_64_TO_32_BIT_CONVERSION = YES;
				GCC_WARN_ABOUT_RETURN_TYPE = YES_ERROR;
				GCC_WARN_UNDECLARED_SELECTOR = YES;
				GCC_WARN_UNINITIALIZED_AUTOS = YES_AGGRESSIVE;
				GCC_WARN_UNUSED_FUNCTION = YES;
				GCC_WARN_UNUSED_VARIABLE = YES;
				IPHONEOS_DEPLOYMENT_TARGET = 13.2;
				MTL_ENABLE_DEBUG_INFO = NO;
				MTL_FAST_MATH = YES;
				SDKROOT = iphoneos;
				SWIFT_COMPILATION_MODE = wholemodule;
				SWIFT_OPTIMIZATION_LEVEL = "-O";
				VALIDATE_PRODUCT = YES;
				VERSIONING_SYSTEM = "apple-generic";
				VERSION_INFO_PREFIX = "";
			};
			name = Release;
		};
		C99E2E1723844F3100553430 /* Debug */ = {
			isa = XCBuildConfiguration;
			buildSettings = {
				CLANG_ENABLE_MODULES = YES;
				CODE_SIGN_STYLE = Automatic;
				DEFINES_MODULE = YES;
				DEVELOPMENT_TEAM = 9WP7B8WJ8Z;
				DYLIB_COMPATIBILITY_VERSION = 1;
				DYLIB_CURRENT_VERSION = 1;
				DYLIB_INSTALL_NAME_BASE = "@rpath";
				INFOPLIST_FILE = Backend/Info.plist;
				INSTALL_PATH = "$(LOCAL_LIBRARY_DIR)/Frameworks";
				IPHONEOS_DEPLOYMENT_TARGET = 11.0;
				LD_RUNPATH_SEARCH_PATHS = (
					"$(inherited)",
					"@executable_path/Frameworks",
					"@loader_path/Frameworks",
				);
				PRODUCT_BUNDLE_IDENTIFIER = com.test.test.Backend;
				PRODUCT_NAME = "$(TARGET_NAME:c99extidentifier)";
				SKIP_INSTALL = YES;
				SWIFT_OPTIMIZATION_LEVEL = "-Onone";
				SWIFT_VERSION = 5.0;
				TARGETED_DEVICE_FAMILY = "1,2";
			};
			name = Debug;
		};
		C99E2E1823844F3100553430 /* Release */ = {
			isa = XCBuildConfiguration;
			buildSettings = {
				CLANG_ENABLE_MODULES = YES;
				CODE_SIGN_STYLE = Automatic;
				DEFINES_MODULE = YES;
				DEVELOPMENT_TEAM = 9WP7B8WJ8Z;
				DYLIB_COMPATIBILITY_VERSION = 1;
				DYLIB_CURRENT_VERSION = 1;
				DYLIB_INSTALL_NAME_BASE = "@rpath";
				INFOPLIST_FILE = Backend/Info.plist;
				INSTALL_PATH = "$(LOCAL_LIBRARY_DIR)/Frameworks";
				IPHONEOS_DEPLOYMENT_TARGET = 11.0;
				LD_RUNPATH_SEARCH_PATHS = (
					"$(inherited)",
					"@executable_path/Frameworks",
					"@loader_path/Frameworks",
				);
				PRODUCT_BUNDLE_IDENTIFIER = com.test.test.Backend;
				PRODUCT_NAME = "$(TARGET_NAME:c99extidentifier)";
				SKIP_INSTALL = YES;
				SWIFT_VERSION = 5.0;
				TARGETED_DEVICE_FAMILY = "1,2";
			};
			name = Release;
		};
		C99E2E1A23844F3100553430 /* Debug */ = {
			isa = XCBuildConfiguration;
			buildSettings = {
				ALWAYS_EMBED_SWIFT_STANDARD_LIBRARIES = YES;
				CODE_SIGN_STYLE = Automatic;
				DEVELOPMENT_TEAM = 9WP7B8WJ8Z;
				INFOPLIST_FILE = BackendTests/Info.plist;
				LD_RUNPATH_SEARCH_PATHS = (
					"$(inherited)",
					"@executable_path/Frameworks",
					"@loader_path/Frameworks",
				);
				PRODUCT_BUNDLE_IDENTIFIER = com.test.test.BackendTests;
				PRODUCT_NAME = "$(TARGET_NAME)";
				SWIFT_VERSION = 5.0;
				TARGETED_DEVICE_FAMILY = "1,2";
			};
			name = Debug;
		};
		C99E2E1B23844F3100553430 /* Release */ = {
			isa = XCBuildConfiguration;
			buildSettings = {
				ALWAYS_EMBED_SWIFT_STANDARD_LIBRARIES = YES;
				CODE_SIGN_STYLE = Automatic;
				DEVELOPMENT_TEAM = 9WP7B8WJ8Z;
				INFOPLIST_FILE = BackendTests/Info.plist;
				LD_RUNPATH_SEARCH_PATHS = (
					"$(inherited)",
					"@executable_path/Frameworks",
					"@loader_path/Frameworks",
				);
				PRODUCT_BUNDLE_IDENTIFIER = com.test.test.BackendTests;
				PRODUCT_NAME = "$(TARGET_NAME)";
				SWIFT_VERSION = 5.0;
				TARGETED_DEVICE_FAMILY = "1,2";
			};
			name = Release;
		};
/* End XCBuildConfiguration section */

/* Begin XCConfigurationList section */
		C99E2DFC23844F3100553430 /* Build configuration list for PBXProject "Backend" */ = {
			isa = XCConfigurationList;
			buildConfigurations = (
				C99E2E1423844F3100553430 /* Debug */,
				C99E2E1523844F3100553430 /* Release */,
			);
			defaultConfigurationIsVisible = 0;
			defaultConfigurationName = Release;
		};
		C99E2E1623844F3100553430 /* Build configuration list for PBXNativeTarget "Backend" */ = {
			isa = XCConfigurationList;
			buildConfigurations = (
				C99E2E1723844F3100553430 /* Debug */,
				C99E2E1823844F3100553430 /* Release */,
			);
			defaultConfigurationIsVisible = 0;
			defaultConfigurationName = Release;
		};
		C99E2E1923844F3100553430 /* Build configuration list for PBXNativeTarget "BackendTests" */ = {
			isa = XCConfigurationList;
			buildConfigurations = (
				C99E2E1A23844F3100553430 /* Debug */,
				C99E2E1B23844F3100553430 /* Release */,
			);
			defaultConfigurationIsVisible = 0;
			defaultConfigurationName = Release;
		};
/* End XCConfigurationList section */
	};
	rootObject = C99E2DF923844F3100553430 /* Project object */;
}
